PODS:
  - audio_session (0.0.1):
    - Flutter
  - audio_waveforms (0.0.1):
    - Flutter
  - contacts_service (0.2.2):
    - Flutter
  - CryptoSwift (1.8.1)
  - device_info_plus (0.0.1):
    - Flutter
  - DKImagePickerController/Core (4.3.4):
    - DKImagePickerController/ImageDataManager
    - DKImagePickerController/Resource
  - DKImagePickerController/ImageDataManager (4.3.4)
  - DKImagePickerController/PhotoGallery (4.3.4):
    - DKImagePickerController/Core
    - DKPhotoGallery
  - DKImagePickerController/Resource (4.3.4)
  - DKPhotoGallery (0.0.17):
    - DKPhotoGallery/Core (= 0.0.17)
    - DKPhotoGallery/Model (= 0.0.17)
    - DKPhotoGallery/Preview (= 0.0.17)
    - DKPhotoGallery/Resource (= 0.0.17)
    - SDWebImage
    - SwiftyGif
  - DKPhotoGallery/Core (0.0.17):
    - DKPhotoGallery/Model
    - DKPhotoGallery/Preview
    - SDWebImage
    - SwiftyGif
  - DKPhotoGallery/Model (0.0.17):
    - SDWebImage
    - SwiftyGif
  - DKPhotoGallery/Preview (0.0.17):
    - DKPhotoGallery/Model
    - DKPhotoGallery/Resource
    - SDWebImage
    - SwiftyGif
  - DKPhotoGallery/Resource (0.0.17):
    - SDWebImage
    - SwiftyGif
  - fast_contacts (0.0.1):
    - Flutter
  - file_picker (0.0.1):
    - DKImagePickerController/PhotoGallery
    - Flutter
  - Flutter (1.0.0)
  - flutter_callkit_incoming (0.0.1):
    - CryptoSwift
    - Flutter
  - flutter_contacts (0.0.1):
    - Flutter
  - flutter_foreground_task (0.0.1):
    - Flutter
  - flutter_keyboard_visibility (0.0.1):
    - Flutter
  - flutter_local_notifications (0.0.1):
    - Flutter
  - flutter_native_splash (0.0.1):
    - Flutter
  - flutter_ringtone_player (0.0.1):
    - Flutter
  - flutter_sound (9.2.13):
    - Flutter
    - flutter_sound_core (= 9.2.13)
  - flutter_sound_core (9.2.13)
  - flutter_udid (0.0.1):
    - Flutter
    - SAMKeychain
  - flutter_webrtc (0.9.31):
    - Flutter
    - WebRTC-SDK (= 104.5112.17)
  - fluttertoast (0.0.2):
    - Flutter
    - Toast
  - geocoding_ios (1.0.5):
    - Flutter
  - geolocator_apple (1.2.0):
    - Flutter
  - image_picker_ios (0.0.1):
    - Flutter
  - just_audio (0.0.1):
    - Flutter
  - media_kit_libs_ios_video (1.0.4):
    - Flutter
  - media_kit_native_event_loop (1.0.0):
    - Flutter
  - media_kit_video (0.0.1):
    - Flutter
  - package_info_plus (0.4.5):
    - Flutter
  - path_provider_foundation (0.0.1):
    - Flutter
    - FlutterMacOS
  - permission_handler_apple (9.1.1):
    - Flutter
  - SAMKeychain (1.5.3)
  - screen_brightness_ios (0.1.0):
    - Flutter
  - SDWebImage (5.18.10):
    - SDWebImage/Core (= 5.18.10)
  - SDWebImage/Core (5.18.10)
  - shared_preferences_foundation (0.0.1):
    - Flutter
    - FlutterMacOS
  - smart_auth (0.0.1):
    - Flutter
  - SwiftyGif (5.4.4)
  - Toast (4.0.0)
  - vibration (1.7.5):
    - Flutter
  - video_player_avfoundation (0.0.1):
    - Flutter
    - FlutterMacOS
  - volume_controller (0.0.1):
    - Flutter
  - wakelock_plus (0.0.1):
    - Flutter
  - WebRTC-SDK (104.5112.17)

DEPENDENCIES:
  - audio_session (from `.symlinks/plugins/audio_session/ios`)
  - audio_waveforms (from `.symlinks/plugins/audio_waveforms/ios`)
  - contacts_service (from `.symlinks/plugins/contacts_service/ios`)
  - device_info_plus (from `.symlinks/plugins/device_info_plus/ios`)
  - fast_contacts (from `.symlinks/plugins/fast_contacts/ios`)
  - file_picker (from `.symlinks/plugins/file_picker/ios`)
  - Flutter (from `Flutter`)
  - flutter_callkit_incoming (from `.symlinks/plugins/flutter_callkit_incoming/ios`)
  - flutter_contacts (from `.symlinks/plugins/flutter_contacts/ios`)
  - flutter_foreground_task (from `.symlinks/plugins/flutter_foreground_task/ios`)
  - flutter_keyboard_visibility (from `.symlinks/plugins/flutter_keyboard_visibility/ios`)
  - flutter_local_notifications (from `.symlinks/plugins/flutter_local_notifications/ios`)
  - flutter_native_splash (from `.symlinks/plugins/flutter_native_splash/ios`)
  - flutter_ringtone_player (from `.symlinks/plugins/flutter_ringtone_player/ios`)
  - flutter_sound (from `.symlinks/plugins/flutter_sound/ios`)
  - flutter_udid (from `.symlinks/plugins/flutter_udid/ios`)
  - flutter_webrtc (from `.symlinks/plugins/flutter_webrtc/ios`)
  - fluttertoast (from `.symlinks/plugins/fluttertoast/ios`)
  - geocoding_ios (from `.symlinks/plugins/geocoding_ios/ios`)
  - geolocator_apple (from `.symlinks/plugins/geolocator_apple/ios`)
  - image_picker_ios (from `.symlinks/plugins/image_picker_ios/ios`)
  - just_audio (from `.symlinks/plugins/just_audio/ios`)
  - media_kit_libs_ios_video (from `.symlinks/plugins/media_kit_libs_ios_video/ios`)
  - media_kit_native_event_loop (from `.symlinks/plugins/media_kit_native_event_loop/ios`)
  - media_kit_video (from `.symlinks/plugins/media_kit_video/ios`)
  - package_info_plus (from `.symlinks/plugins/package_info_plus/ios`)
  - path_provider_foundation (from `.symlinks/plugins/path_provider_foundation/darwin`)
  - permission_handler_apple (from `.symlinks/plugins/permission_handler_apple/ios`)
  - screen_brightness_ios (from `.symlinks/plugins/screen_brightness_ios/ios`)
  - shared_preferences_foundation (from `.symlinks/plugins/shared_preferences_foundation/darwin`)
  - smart_auth (from `.symlinks/plugins/smart_auth/ios`)
  - vibration (from `.symlinks/plugins/vibration/ios`)
  - video_player_avfoundation (from `.symlinks/plugins/video_player_avfoundation/darwin`)
  - volume_controller (from `.symlinks/plugins/volume_controller/ios`)
  - wakelock_plus (from `.symlinks/plugins/wakelock_plus/ios`)

SPEC REPOS:
  trunk:
    - CryptoSwift
    - DKImagePickerController
    - DKPhotoGallery
    - flutter_sound_core
    - SAMKeychain
    - SDWebImage
    - SwiftyGif
    - Toast
    - WebRTC-SDK

EXTERNAL SOURCES:
  audio_session:
    :path: ".symlinks/plugins/audio_session/ios"
  audio_waveforms:
    :path: ".symlinks/plugins/audio_waveforms/ios"
  contacts_service:
    :path: ".symlinks/plugins/contacts_service/ios"
  device_info_plus:
    :path: ".symlinks/plugins/device_info_plus/ios"
  fast_contacts:
    :path: ".symlinks/plugins/fast_contacts/ios"
  file_picker:
    :path: ".symlinks/plugins/file_picker/ios"
  Flutter:
    :path: Flutter
  flutter_callkit_incoming:
    :path: ".symlinks/plugins/flutter_callkit_incoming/ios"
  flutter_contacts:
    :path: ".symlinks/plugins/flutter_contacts/ios"
  flutter_foreground_task:
    :path: ".symlinks/plugins/flutter_foreground_task/ios"
  flutter_keyboard_visibility:
    :path: ".symlinks/plugins/flutter_keyboard_visibility/ios"
  flutter_local_notifications:
    :path: ".symlinks/plugins/flutter_local_notifications/ios"
  flutter_native_splash:
    :path: ".symlinks/plugins/flutter_native_splash/ios"
  flutter_ringtone_player:
    :path: ".symlinks/plugins/flutter_ringtone_player/ios"
  flutter_sound:
    :path: ".symlinks/plugins/flutter_sound/ios"
  flutter_udid:
    :path: ".symlinks/plugins/flutter_udid/ios"
  flutter_webrtc:
    :path: ".symlinks/plugins/flutter_webrtc/ios"
  fluttertoast:
    :path: ".symlinks/plugins/fluttertoast/ios"
  geocoding_ios:
    :path: ".symlinks/plugins/geocoding_ios/ios"
  geolocator_apple:
    :path: ".symlinks/plugins/geolocator_apple/ios"
  image_picker_ios:
    :path: ".symlinks/plugins/image_picker_ios/ios"
  just_audio:
    :path: ".symlinks/plugins/just_audio/ios"
  media_kit_libs_ios_video:
    :path: ".symlinks/plugins/media_kit_libs_ios_video/ios"
  media_kit_native_event_loop:
    :path: ".symlinks/plugins/media_kit_native_event_loop/ios"
  media_kit_video:
    :path: ".symlinks/plugins/media_kit_video/ios"
  package_info_plus:
    :path: ".symlinks/plugins/package_info_plus/ios"
  path_provider_foundation:
    :path: ".symlinks/plugins/path_provider_foundation/darwin"
  permission_handler_apple:
    :path: ".symlinks/plugins/permission_handler_apple/ios"
  screen_brightness_ios:
    :path: ".symlinks/plugins/screen_brightness_ios/ios"
  shared_preferences_foundation:
    :path: ".symlinks/plugins/shared_preferences_foundation/darwin"
  smart_auth:
    :path: ".symlinks/plugins/smart_auth/ios"
  vibration:
    :path: ".symlinks/plugins/vibration/ios"
  video_player_avfoundation:
    :path: ".symlinks/plugins/video_player_avfoundation/darwin"
  volume_controller:
    :path: ".symlinks/plugins/volume_controller/ios"
  wakelock_plus:
    :path: ".symlinks/plugins/wakelock_plus/ios"

SPEC CHECKSUMS:
  audio_session: 4f3e461722055d21515cf3261b64c973c062f345
  audio_waveforms: cd736909ebc6b6a164eb74701d8c705ce3241e1c
  contacts_service: 849e1f84281804c8bfbec1b4c3eedcb23c5d3eca
  CryptoSwift: b9c701d6f5011df23794dbf7f2e480a77835d83d
  device_info_plus: c6fb39579d0f423935b0c9ce7ee2f44b71b9fce6
  DKImagePickerController: b512c28220a2b8ac7419f21c491fc8534b7601ac
  DKPhotoGallery: fdfad5125a9fdda9cc57df834d49df790dbb4179
  fast_contacts: d5f0da976a40f8fd07a9ff730c2e9bee8c3898dd
  file_picker: 15fd9539e4eb735dc54bae8c0534a7a9511a03de
  Flutter: f04841e97a9d0b0a8025694d0796dd46242b2854
  flutter_callkit_incoming: 417dd1b46541cdd5d855ad795ccbe97d1c18155e
  flutter_contacts: edb1c5ce76aa433e20e6cb14c615f4c0b66e0983
  flutter_foreground_task: 21ef182ab0a29a3005cc72cd70e5f45cb7f7f817
  flutter_keyboard_visibility: 0339d06371254c3eb25eeb90ba8d17dca8f9c069
  flutter_local_notifications: 0c0b1ae97e741e1521e4c1629a459d04b9aec743
  flutter_native_splash: 52501b97d1c0a5f898d687f1646226c1f93c56ef
  flutter_ringtone_player: 15eba85187230b87b2512f0e1b92225618bc03e7
  flutter_sound: c60effa2a350fb977885f0db2fbc4c1ad5160900
  flutter_sound_core: 26c10e5832e76aaacfae252d8925232281c486ae
  flutter_udid: 0848809dbed4c055175747ae6a45a8b4f6771e1c
  flutter_webrtc: 02c023207f972145a3bc8c7aada86754f264d563
  fluttertoast: 31b00dabfa7fb7bacd9e7dbee580d7a2ff4bf265
  geocoding_ios: a389ea40f6f548de6e63006a2e31bf66ff80769a
  geolocator_apple: cc556e6844d508c95df1e87e3ea6fa4e58c50401
  image_picker_ios: 4a8aadfbb6dc30ad5141a2ce3832af9214a705b5
  just_audio: baa7252489dbcf47a4c7cc9ca663e9661c99aafa
  media_kit_libs_ios_video: a5fe24bc7875ccd6378a0978c13185e1344651c1
  media_kit_native_event_loop: e6b2ab20cf0746eb1c33be961fcf79667304fa2a
  media_kit_video: 5da63f157170e5bf303bf85453b7ef6971218a2e
  package_info_plus: 115f4ad11e0698c8c1c5d8a689390df880f47e85
  path_provider_foundation: 29f094ae23ebbca9d3d0cec13889cd9060c0e943
  permission_handler_apple: e76247795d700c14ea09e3a2d8855d41ee80a2e6
  SAMKeychain: 483e1c9f32984d50ca961e26818a534283b4cd5c
  screen_brightness_ios: 715ca807df953bf676d339f11464e438143ee625
  SDWebImage: fc8f2d48bbfd72ef39d70e981bd24a3f3be53fec
  shared_preferences_foundation: 5b919d13b803cadd15ed2dc053125c68730e5126
  smart_auth: 4bedbc118723912d0e45a07e8ab34039c19e04f2
  SwiftyGif: 93a1cc87bf3a51916001cf8f3d63835fb64c819f
  Toast: 91b396c56ee72a5790816f40d3a94dd357abc196
  vibration: 7d883d141656a1c1a6d8d238616b2042a51a1241
  video_player_avfoundation: e9e6f9cae7d7a6d9b43519b0aab382bca60fcfd1
  volume_controller: 531ddf792994285c9b17f9d8a7e4dcdd29b3eae9
  wakelock_plus: 8b09852c8876491e4b6d179e17dfe2a0b5f60d47
  WebRTC-SDK: 082ae4893212534a779ca233f19a9df8efd5f3bd

PODFILE CHECKSUM: 70d9d25280d0dd177a5f637cdb0f0b0b12c6a189

COCOAPODS: 1.14.3
